// !$*UTF8*$!
{
	archiveVersion = 1;
	classes = {
	};
	objectVersion = 56;
	objects = {

/* Begin PBXBuildFile section */
		8F1965352B22C59C00A19D16 /* AppDelegate.swift in Sources */ = {isa = PBXBuildFile; fileRef = 8F1965342B22C59C00A19D16 /* AppDelegate.swift */; };
		8F1965372B22C59C00A19D16 /* SceneDelegate.swift in Sources */ = {isa = PBXBuildFile; fileRef = 8F1965362B22C59C00A19D16 /* SceneDelegate.swift */; };
		8F1965392B22C59C00A19D16 /* ViewController.swift in Sources */ = {isa = PBXBuildFile; fileRef = 8F1965382B22C59C00A19D16 /* ViewController.swift */; };
		8F19653E2B22C59D00A19D16 /* Assets.xcassets in Resources */ = {isa = PBXBuildFile; fileRef = 8F19653D2B22C59D00A19D16 /* Assets.xcassets */; };
		8F1965412B22C59D00A19D16 /* LaunchScreen.storyboard in Resources */ = {isa = PBXBuildFile; fileRef = 8F19653F2B22C59D00A19D16 /* LaunchScreen.storyboard */; };
		8F1965492B23702400A19D16 /* wisdom.json in Resources */ = {isa = PBXBuildFile; fileRef = 8F1965482B23702400A19D16 /* wisdom.json */; };
		8F19654B2B23703F00A19D16 /* wisdomModel.swift in Sources */ = {isa = PBXBuildFile; fileRef = 8F19654A2B23703F00A19D16 /* wisdomModel.swift */; };
		8F1965512B237BC000A19D16 /* CowboyWisdomView.swift in Sources */ = {isa = PBXBuildFile; fileRef = 8F1965502B237BC000A19D16 /* CowboyWisdomView.swift */; };
/* End PBXBuildFile section */

/* Begin PBXFileReference section */
		8F1965312B22C59C00A19D16 /* CowboyWisdomUIKit.app */ = {isa = PBXFileReference; explicitFileType = wrapper.application; includeInIndex = 0; path = CowboyWisdomUIKit.app; sourceTree = BUILT_PRODUCTS_DIR; };
		8F1965342B22C59C00A19D16 /* AppDelegate.swift */ = {isa = PBXFileReference; lastKnownFileType = sourcecode.swift; path = AppDelegate.swift; sourceTree = "<group>"; };
		8F1965362B22C59C00A19D16 /* SceneDelegate.swift */ = {isa = PBXFileReference; lastKnownFileType = sourcecode.swift; path = SceneDelegate.swift; sourceTree = "<group>"; };
		8F1965382B22C59C00A19D16 /* ViewController.swift */ = {isa = PBXFileReference; lastKnownFileType = sourcecode.swift; path = ViewController.swift; sourceTree = "<group>"; };
		8F19653D2B22C59D00A19D16 /* Assets.xcassets */ = {isa = PBXFileReference; lastKnownFileType = folder.assetcatalog; path = Assets.xcassets; sourceTree = "<group>"; };
		8F1965402B22C59D00A19D16 /* Base */ = {isa = PBXFileReference; lastKnownFileType = file.storyboard; name = Base; path = Base.lproj/LaunchScreen.storyboard; sourceTree = "<group>"; };
		8F1965422B22C59D00A19D16 /* Info.plist */ = {isa = PBXFileReference; lastKnownFileType = text.plist.xml; path = Info.plist; sourceTree = "<group>"; };
		8F1965482B23702400A19D16 /* wisdom.json */ = {isa = PBXFileReference; lastKnownFileType = text.json; path = wisdom.json; sourceTree = "<group>"; };
		8F19654A2B23703F00A19D16 /* wisdomModel.swift */ = {isa = PBXFileReference; lastKnownFileType = sourcecode.swift; path = wisdomModel.swift; sourceTree = "<group>"; };
		8F1965502B237BC000A19D16 /* CowboyWisdomView.swift */ = {isa = PBXFileReference; lastKnownFileType = sourcecode.swift; path = CowboyWisdomView.swift; sourceTree = "<group>"; };
/* End PBXFileReference section */

/* Begin PBXFrameworksBuildPhase section */
		8F19652E2B22C59C00A19D16 /* Frameworks */ = {
			isa = PBXFrameworksBuildPhase;
			buildActionMask = 2147483647;
			files = (
			);
			runOnlyForDeploymentPostprocessing = 0;
		};
/* End PBXFrameworksBuildPhase section */

/* Begin PBXGroup section */
		8F1965282B22C59C00A19D16 = {
			isa = PBXGroup;
			children = (
				8F1965332B22C59C00A19D16 /* CowboyWisdomUIKit */,
				8F1965322B22C59C00A19D16 /* Products */,
			);
			sourceTree = "<group>";
		};
		8F1965322B22C59C00A19D16 /* Products */ = {
			isa = PBXGroup;
			children = (
				8F1965312B22C59C00A19D16 /* CowboyWisdomUIKit.app */,
			);
			name = Products;
			sourceTree = "<group>";
		};
		8F1965332B22C59C00A19D16 /* CowboyWisdomUIKit */ = {
			isa = PBXGroup;
			children = (
				8F1965342B22C59C00A19D16 /* AppDelegate.swift */,
				8F1965362B22C59C00A19D16 /* SceneDelegate.swift */,
				8F1965552B23965100A19D16 /* Controllers */,
				8F1965532B23964400A19D16 /* Views */,
				8F1965522B23963A00A19D16 /* Models */,
				8F1965542B23964900A19D16 /* Resources */,
				8F19653D2B22C59D00A19D16 /* Assets.xcassets */,
				8F19653F2B22C59D00A19D16 /* LaunchScreen.storyboard */,
				8F1965422B22C59D00A19D16 /* Info.plist */,
			);
			path = CowboyWisdomUIKit;
			sourceTree = "<group>";
		};
		8F1965522B23963A00A19D16 /* Models */ = {
			isa = PBXGroup;
			children = (
				8F19654A2B23703F00A19D16 /* wisdomModel.swift */,
			);
			path = Models;
			sourceTree = "<group>";
		};
		8F1965532B23964400A19D16 /* Views */ = {
			isa = PBXGroup;
			children = (
				8F1965502B237BC000A19D16 /* CowboyWisdomView.swift */,
			);
			path = Views;
			sourceTree = "<group>";
		};
		8F1965542B23964900A19D16 /* Resources */ = {
			isa = PBXGroup;
			children = (
				8F1965482B23702400A19D16 /* wisdom.json */,
			);
			path = Resources;
			sourceTree = "<group>";
		};
		8F1965552B23965100A19D16 /* Controllers */ = {
			isa = PBXGroup;
			children = (
				8F1965382B22C59C00A19D16 /* ViewController.swift */,
			);
			path = Controllers;
			sourceTree = "<group>";
		};
/* End PBXGroup section */

/* Begin PBXNativeTarget section */
		8F1965302B22C59C00A19D16 /* CowboyWisdomUIKit */ = {
			isa = PBXNativeTarget;
			buildConfigurationList = 8F1965452B22C59D00A19D16 /* Build configuration list for PBXNativeTarget "CowboyWisdomUIKit" */;
			buildPhases = (
				8F19652D2B22C59C00A19D16 /* Sources */,
				8F19652E2B22C59C00A19D16 /* Frameworks */,
				8F19652F2B22C59C00A19D16 /* Resources */,
			);
			buildRules = (
			);
			dependencies = (
			);
			name = CowboyWisdomUIKit;
			productName = CowboyWisdomUIKit;
			productReference = 8F1965312B22C59C00A19D16 /* CowboyWisdomUIKit.app */;
			productType = "com.apple.product-type.application";
		};
/* End PBXNativeTarget section */

/* Begin PBXProject section */
		8F1965292B22C59C00A19D16 /* Project object */ = {
			isa = PBXProject;
			attributes = {
				BuildIndependentTargetsInParallel = 1;
				LastSwiftUpdateCheck = 1500;
				LastUpgradeCheck = 1500;
				TargetAttributes = {
					8F1965302B22C59C00A19D16 = {
						CreatedOnToolsVersion = 15.0.1;
					};
				};
			};
			buildConfigurationList = 8F19652C2B22C59C00A19D16 /* Build configuration list for PBXProject "CowboyWisdomUIKit" */;
			compatibilityVersion = "Xcode 14.0";
			developmentRegion = en;
			hasScannedForEncodings = 0;
			knownRegions = (
				en,
				Base,
			);
			mainGroup = 8F1965282B22C59C00A19D16;
			productRefGroup = 8F1965322B22C59C00A19D16 /* Products */;
			projectDirPath = "";
			projectRoot = "";
			targets = (
				8F1965302B22C59C00A19D16 /* CowboyWisdomUIKit */,
			);
		};
/* End PBXProject section */

/* Begin PBXResourcesBuildPhase section */
		8F19652F2B22C59C00A19D16 /* Resources */ = {
			isa = PBXResourcesBuildPhase;
			buildActionMask = 2147483647;
			files = (
				8F1965412B22C59D00A19D16 /* LaunchScreen.storyboard in Resources */,
				8F1965492B23702400A19D16 /* wisdom.json in Resources */,
				8F19653E2B22C59D00A19D16 /* Assets.xcassets in Resources */,
			);
			runOnlyForDeploymentPostprocessing = 0;
		};
/* End PBXResourcesBuildPhase section */

/* Begin PBXSourcesBuildPhase section */
		8F19652D2B22C59C00A19D16 /* Sources */ = {
			isa = PBXSourcesBuildPhase;
			buildActionMask = 2147483647;
			files = (
				8F1965512B237BC000A19D16 /* CowboyWisdomView.swift in Sources */,
				8F19654B2B23703F00A19D16 /* wisdomModel.swift in Sources */,
				8F1965392B22C59C00A19D16 /* ViewController.swift in Sources */,
				8F1965352B22C59C00A19D16 /* AppDelegate.swift in Sources */,
				8F1965372B22C59C00A19D16 /* SceneDelegate.swift in Sources */,
			);
			runOnlyForDeploymentPostprocessing = 0;
		};
/* End PBXSourcesBuildPhase section */

/* Begin PBXVariantGroup section */
		8F19653F2B22C59D00A19D16 /* LaunchScreen.storyboard */ = {
			isa = PBXVariantGroup;
			children = (
				8F1965402B22C59D00A19D16 /* Base */,
			);
			name = LaunchScreen.storyboard;
			sourceTree = "<group>";
		};
/* End PBXVariantGroup section */

/* Begin XCBuildConfiguration section */
		8F1965432B22C59D00A19D16 /* Debug */ = {
			isa = XCBuildConfiguration;
			buildSettings = {
				ALWAYS_SEARCH_USER_PATHS = NO;
				ASSETCATALOG_COMPILER_GENERATE_SWIFT_ASSET_SYMBOL_EXTENSIONS = YES;
				CLANG_ANALYZER_NONNULL = YES;
				CLANG_ANALYZER_NUMBER_OBJECT_CONVERSION = YES_AGGRESSIVE;
				CLANG_CXX_LANGUAGE_STANDARD = "gnu++20";
				CLANG_ENABLE_MODULES = YES;
				CLANG_ENABLE_OBJC_ARC = YES;
				CLANG_ENABLE_OBJC_WEAK = YES;
				CLANG_WARN_BLOCK_CAPTURE_AUTORELEASING = YES;
				CLANG_WARN_BOOL_CONVERSION = YES;
				CLANG_WARN_COMMA = YES;
				CLANG_WARN_CONSTANT_CONVERSION = YES;
				CLANG_WARN_DEPRECATED_OBJC_IMPLEMENTATIONS = YES;
				CLANG_WARN_DIRECT_OBJC_ISA_USAGE = YES_ERROR;
				CLANG_WARN_DOCUMENTATION_COMMENTS = YES;
				CLANG_WARN_EMPTY_BODY = YES;
				CLANG_WARN_ENUM_CONVERSION = YES;
				CLANG_WARN_INFINITE_RECURSION = YES;
				CLANG_WARN_INT_CONVERSION = YES;
				CLANG_WARN_NON_LITERAL_NULL_CONVERSION = YES;
				CLANG_WARN_OBJC_IMPLICIT_RETAIN_SELF = YES;
				CLANG_WARN_OBJC_LITERAL_CONVERSION = YES;
				CLANG_WARN_OBJC_ROOT_CLASS = YES_ERROR;
				CLANG_WARN_QUOTED_INCLUDE_IN_FRAMEWORK_HEADER = YES;
				CLANG_WARN_RANGE_LOOP_ANALYSIS = YES;
				CLANG_WARN_STRICT_PROTOTYPES = YES;
				CLANG_WARN_SUSPICIOUS_MOVE = YES;
				CLANG_WARN_UNGUARDED_AVAILABILITY = YES_AGGRESSIVE;
				CLANG_WARN_UNREACHABLE_CODE = YES;
				CLANG_WARN__DUPLICATE_METHOD_MATCH = YES;
				COPY_PHASE_STRIP = NO;
				DEBUG_INFORMATION_FORMAT = dwarf;
				ENABLE_STRICT_OBJC_MSGSEND = YES;
				ENABLE_TESTABILITY = YES;
				ENABLE_USER_SCRIPT_SANDBOXING = YES;
				GCC_C_LANGUAGE_STANDARD = gnu17;
				GCC_DYNAMIC_NO_PIC = NO;
				GCC_NO_COMMON_BLOCKS = YES;
				GCC_OPTIMIZATION_LEVEL = 0;
				GCC_PREPROCESSOR_DEFINITIONS = (
					"DEBUG=1",
					"$(inherited)",
				);
				GCC_WARN_64_TO_32_BIT_CONVERSION = YES;
				GCC_WARN_ABOUT_RETURN_TYPE = YES_ERROR;
				GCC_WARN_UNDECLARED_SELECTOR = YES;
				GCC_WARN_UNINITIALIZED_AUTOS = YES_AGGRESSIVE;
				GCC_WARN_UNUSED_FUNCTION = YES;
				GCC_WARN_UNUSED_VARIABLE = YES;
				IPHONEOS_DEPLOYMENT_TARGET = 17.0;
				LOCALIZATION_PREFERS_STRING_CATALOGS = YES;
				MTL_ENABLE_DEBUG_INFO = INCLUDE_SOURCE;
				MTL_FAST_MATH = YES;
				ONLY_ACTIVE_ARCH = YES;
				SDKROOT = iphoneos;
				SWIFT_ACTIVE_COMPILATION_CONDITIONS = "DEBUG $(inherited)";
				SWIFT_OPTIMIZATION_LEVEL = "-Onone";
			};
			name = Debug;
		};
		8F1965442B22C59D00A19D16 /* Release */ = {
			isa = XCBuildConfiguration;
			buildSettings = {
				ALWAYS_SEARCH_USER_PATHS = NO;
				ASSETCATALOG_COMPILER_GENERATE_SWIFT_ASSET_SYMBOL_EXTENSIONS = YES;
				CLANG_ANALYZER_NONNULL = YES;
				CLANG_ANALYZER_NUMBER_OBJECT_CONVERSION = YES_AGGRESSIVE;
				CLANG_CXX_LANGUAGE_STANDARD = "gnu++20";
				CLANG_ENABLE_MODULES = YES;
				CLANG_ENABLE_OBJC_ARC = YES;
				CLANG_ENABLE_OBJC_WEAK = YES;
				CLANG_WARN_BLOCK_CAPTURE_AUTORELEASING = YES;
				CLANG_WARN_BOOL_CONVERSION = YES;
				CLANG_WARN_COMMA = YES;
				CLANG_WARN_CONSTANT_CONVERSION = YES;
				CLANG_WARN_DEPRECATED_OBJC_IMPLEMENTATIONS = YES;
				CLANG_WARN_DIRECT_OBJC_ISA_USAGE = YES_ERROR;
				CLANG_WARN_DOCUMENTATION_COMMENTS = YES;
				CLANG_WARN_EMPTY_BODY = YES;
				CLANG_WARN_ENUM_CONVERSION = YES;
				CLANG_WARN_INFINITE_RECURSION = YES;
				CLANG_WARN_INT_CONVERSION = YES;
				CLANG_WARN_NON_LITERAL_NULL_CONVERSION = YES;
				CLANG_WARN_OBJC_IMPLICIT_RETAIN_SELF = YES;
				CLANG_WARN_OBJC_LITERAL_CONVERSION = YES;
				CLANG_WARN_OBJC_ROOT_CLASS = YES_ERROR;
				CLANG_WARN_QUOTED_INCLUDE_IN_FRAMEWORK_HEADER = YES;
				CLANG_WARN_RANGE_LOOP_ANALYSIS = YES;
				CLANG_WARN_STRICT_PROTOTYPES = YES;
				CLANG_WARN_SUSPICIOUS_MOVE = YES;
				CLANG_WARN_UNGUARDED_AVAILABILITY = YES_AGGRESSIVE;
				CLANG_WARN_UNREACHABLE_CODE = YES;
				CLANG_WARN__DUPLICATE_METHOD_MATCH = YES;
				COPY_PHASE_STRIP = NO;
				DEBUG_INFORMATION_FORMAT = "dwarf-with-dsym";
				ENABLE_NS_ASSERTIONS = NO;
				ENABLE_STRICT_OBJC_MSGSEND = YES;
				ENABLE_USER_SCRIPT_SANDBOXING = YES;
				GCC_C_LANGUAGE_STANDARD = gnu17;
				GCC_NO_COMMON_BLOCKS = YES;
				GCC_WARN_64_TO_32_BIT_CONVERSION = YES;
				GCC_WARN_ABOUT_RETURN_TYPE = YES_ERROR;
				GCC_WARN_UNDECLARED_SELECTOR = YES;
				GCC_WARN_UNINITIALIZED_AUTOS = YES_AGGRESSIVE;
				GCC_WARN_UNUSED_FUNCTION = YES;
				GCC_WARN_UNUSED_VARIABLE = YES;
				IPHONEOS_DEPLOYMENT_TARGET = 17.0;
				LOCALIZATION_PREFERS_STRING_CATALOGS = YES;
				MTL_ENABLE_DEBUG_INFO = NO;
				MTL_FAST_MATH = YES;
				SDKROOT = iphoneos;
				SWIFT_COMPILATION_MODE = wholemodule;
				VALIDATE_PRODUCT = YES;
			};
			name = Release;
		};
		8F1965462B22C59D00A19D16 /* Debug */ = {
			isa = XCBuildConfiguration;
			buildSettings = {
				ASSETCATALOG_COMPILER_APPICON_NAME = AppIcon;
				ASSETCATALOG_COMPILER_GLOBAL_ACCENT_COLOR_NAME = AccentColor;
				CODE_SIGN_STYLE = Automatic;
				CURRENT_PROJECT_VERSION = 1;
				DEVELOPMENT_TEAM = YSHQMMAV9P;
				GENERATE_INFOPLIST_FILE = YES;
				INFOPLIST_FILE = CowboyWisdomUIKit/Info.plist;
				INFOPLIST_KEY_UIApplicationSupportsIndirectInputEvents = YES;
				INFOPLIST_KEY_UILaunchStoryboardName = LaunchScreen;
				INFOPLIST_KEY_UIMainStoryboardFile = "";
				INFOPLIST_KEY_UISupportedInterfaceOrientations_iPad = "UIInterfaceOrientationPortrait UIInterfaceOrientationPortraitUpsideDown UIInterfaceOrientationLandscapeLeft UIInterfaceOrientationLandscapeRight";
				INFOPLIST_KEY_UISupportedInterfaceOrientations_iPhone = "UIInterfaceOrientationPortrait UIInterfaceOrientationLandscapeLeft UIInterfaceOrientationLandscapeRight";
				LD_RUNPATH_SEARCH_PATHS = (
					"$(inherited)",
					"@executable_path/Frameworks",
				);
				MARKETING_VERSION = 1.0;
				PRODUCT_BUNDLE_IDENTIFIER = com.nicholassolter.CowboyWisdomUIKit;
				PRODUCT_NAME = "$(TARGET_NAME)";
				SWIFT_EMIT_LOC_STRINGS = YES;
				SWIFT_VERSION = 5.0;
				TARGETED_DEVICE_FAMILY = "1,2";
			};
			name = Debug;
		};
		8F1965472B22C59D00A19D16 /* Release */ = {
			isa = XCBuildConfiguration;
			buildSettings = {
				ASSETCATALOG_COMPILER_APPICON_NAME = AppIcon;
				ASSETCATALOG_COMPILER_GLOBAL_ACCENT_COLOR_NAME = AccentColor;
				CODE_SIGN_STYLE = Automatic;
				CURRENT_PROJECT_VERSION = 1;
				DEVELOPMENT_TEAM = YSHQMMAV9P;
				GENERATE_INFOPLIST_FILE = YES;
				INFOPLIST_FILE = CowboyWisdomUIKit/Info.plist;
				INFOPLIST_KEY_UIApplicationSupportsIndirectInputEvents = YES;
				INFOPLIST_KEY_UILaunchStoryboardName = LaunchScreen;
				INFOPLIST_KEY_UIMainStoryboardFile = "";
				INFOPLIST_KEY_UISupportedInterfaceOrientations_iPad = "UIInterfaceOrientationPortrait UIInterfaceOrientationPortraitUpsideDown UIInterfaceOrientationLandscapeLeft UIInterfaceOrientationLandscapeRight";
				INFOPLIST_KEY_UISupportedInterfaceOrientations_iPhone = "UIInterfaceOrientationPortrait UIInterfaceOrientationLandscapeLeft UIInterfaceOrientationLandscapeRight";
				LD_RUNPATH_SEARCH_PATHS = (
					"$(inherited)",
					"@executable_path/Frameworks",
				);
				MARKETING_VERSION = 1.0;
				PRODUCT_BUNDLE_IDENTIFIER = com.nicholassolter.CowboyWisdomUIKit;
				PRODUCT_NAME = "$(TARGET_NAME)";
				SWIFT_EMIT_LOC_STRINGS = YES;
				SWIFT_VERSION = 5.0;
				TARGETED_DEVICE_FAMILY = "1,2";
			};
			name = Release;
		};
/* End XCBuildConfiguration section */

/* Begin XCConfigurationList section */
		8F19652C2B22C59C00A19D16 /* Build configuration list for PBXProject "CowboyWisdomUIKit" */ = {
			isa = XCConfigurationList;
			buildConfigurations = (
				8F1965432B22C59D00A19D16 /* Debug */,
				8F1965442B22C59D00A19D16 /* Release */,
			);
			defaultConfigurationIsVisible = 0;
			defaultConfigurationName = Release;
		};
		8F1965452B22C59D00A19D16 /* Build configuration list for PBXNativeTarget "CowboyWisdomUIKit" */ = {
			isa = XCConfigurationList;
			buildConfigurations = (
				8F1965462B22C59D00A19D16 /* Debug */,
				8F1965472B22C59D00A19D16 /* Release */,
			);
			defaultConfigurationIsVisible = 0;
			defaultConfigurationName = Release;
		};
/* End XCConfigurationList section */
	};
	rootObject = 8F1965292B22C59C00A19D16 /* Project object */;
}
